
Microsoft Visual Studio Solution File, Format Version 12.00
# Visual Studio Version 17
VisualStudioVersion = 17.11.35312.102
MinimumVisualStudioVersion = 10.0.40219.1
Project("{FAE04EC0-301F-11D3-BF4B-00C04F79EFBC}") = "ASEproject", "ASEproject.csproj", "{110A7E04-C229-4BCE-ABA0-B7C301497832}"
EndProject
Global
	GlobalSection(SolutionConfigurationPlatforms) = preSolution
		Debug|Any CPU = Debug|Any CPU
		Release|Any CPU = Release|Any CPU
	EndGlobalSection
	GlobalSection(ProjectConfigurationPlatforms) = postSolution
		{110A7E04-C229-4BCE-ABA0-B7C301497832}.Debug|Any CPU.ActiveCfg = Debug|Any CPU
		{110A7E04-C229-4BCE-ABA0-B7C301497832}.Debug|Any CPU.Build.0 = Debug|Any CPU
		{110A7E04-C229-4BCE-ABA0-B7C301497832}.Release|Any CPU.ActiveCfg = Release|Any CPU
		{110A7E04-C229-4BCE-ABA0-B7C301497832}.Release|Any CPU.Build.0 = Release|Any CPU
	EndGlobalSection
	GlobalSection(SolutionProperties) = preSolution
		HideSolutionNode = FALSE
	EndGlobalSection
	GlobalSection(ExtensibilityGlobals) = postSolution
		SolutionGuid = {B0ADC580-B038-451C-9EE6-E8D6D78F2677}
	EndGlobalSection
EndGlobal
